
Microsoft Visual Studio Solution File, Format Version 12.00
# Visual Studio Version 18
VisualStudioVersion = 18.5.11605.296
MinimumVisualStudioVersion = 10.0.40219.1
Project("{2150E333-8FDC-42A3-9474-1A3956D46DE8}") = "src", "src", "{827E0CD3-B72D-47B6-A68D-7590B98EB39B}"
EndProject
Project("{FAE04EC0-301F-11D3-BF4B-00C04F79EFBC}") = "Ong.Domain", "src\Ong.Domain\Ong.Domain.csproj", "{99347CC5-7313-4BA5-AB4B-1FAD7AE7DFA0}"
EndProject
Project("{FAE04EC0-301F-11D3-BF4B-00C04F79EFBC}") = "Ong.Application", "src\Ong.Application\Ong.Application.csproj", "{FAD13708-05F7-4D00-AE65-F98BCB0F5AD4}"
EndProject
Project("{FAE04EC0-301F-11D3-BF4B-00C04F79EFBC}") = "Ong.Infra", "src\Ong.Infra\Ong.Infra.csproj", "{C4A7DC86-B2AC-4F8F-AF11-F554F6EFDCFA}"
EndProject
Project("{FAE04EC0-301F-11D3-BF4B-00C04F79EFBC}") = "Ong.Web", "src\Ong.Web\Ong.Web.csproj", "{D8B8CBEE-B45E-482C-A6C7-C5C710BBEAE2}"
EndProject
Project("{2150E333-8FDC-42A3-9474-1A3956D46DE8}") = "tests", "tests", "{0AB3BF05-4346-4AA6-1389-037BE0695223}"
EndProject
Project("{FAE04EC0-301F-11D3-BF4B-00C04F79EFBC}") = "Ong.Tests", "tests\Ong.Tests\Ong.Tests.csproj", "{06F18233-C787-457B-8BBF-DC3347DF5989}"
EndProject
Project("{FAE04EC0-301F-11D3-BF4B-00C04F79EFBC}") = "Ong.Commom", "src\Ong.Commom\Ong.Commom.csproj", "{3FB60B8E-3D97-4BCE-AF8C-5AD44323067C}"
EndProject
Project("{FAE04EC0-301F-11D3-BF4B-00C04F79EFBC}") = "Ong.Application.Worker", "Ong.Application.Worker\Ong.Application.Worker.csproj", "{F758CEE2-3E9B-4848-A299-AA9A5373604E}"
EndProject
Global
	GlobalSection(SolutionConfigurationPlatforms) = preSolution
		Debug|Any CPU = Debug|Any CPU
		Debug|x64 = Debug|x64
		Debug|x86 = Debug|x86
		Release|Any CPU = Release|Any CPU
		Release|x64 = Release|x64
		Release|x86 = Release|x86
	EndGlobalSection
	GlobalSection(ProjectConfigurationPlatforms) = postSolution
		{99347CC5-7313-4BA5-AB4B-1FAD7AE7DFA0}.Debug|Any CPU.ActiveCfg = Debug|Any CPU
		{99347CC5-7313-4BA5-AB4B-1FAD7AE7DFA0}.Debug|Any CPU.Build.0 = Debug|Any CPU
		{99347CC5-7313-4BA5-AB4B-1FAD7AE7DFA0}.Debug|x64.ActiveCfg = Debug|Any CPU
		{99347CC5-7313-4BA5-AB4B-1FAD7AE7DFA0}.Debug|x64.Build.0 = Debug|Any CPU
		{99347CC5-7313-4BA5-AB4B-1FAD7AE7DFA0}.Debug|x86.ActiveCfg = Debug|Any CPU
		{99347CC5-7313-4BA5-AB4B-1FAD7AE7DFA0}.Debug|x86.Build.0 = Debug|Any CPU
		{99347CC5-7313-4BA5-AB4B-1FAD7AE7DFA0}.Release|Any CPU.ActiveCfg = Release|Any CPU
		{99347CC5-7313-4BA5-AB4B-1FAD7AE7DFA0}.Release|Any CPU.Build.0 = Release|Any CPU
		{99347CC5-7313-4BA5-AB4B-1FAD7AE7DFA0}.Release|x64.ActiveCfg = Release|Any CPU
		{99347CC5-7313-4BA5-AB4B-1FAD7AE7DFA0}.Release|x64.Build.0 = Release|Any CPU
		{99347CC5-7313-4BA5-AB4B-1FAD7AE7DFA0}.Release|x86.ActiveCfg = Release|Any CPU
		{99347CC5-7313-4BA5-AB4B-1FAD7AE7DFA0}.Release|x86.Build.0 = Release|Any CPU
		{FAD13708-05F7-4D00-AE65-F98BCB0F5AD4}.Debug|Any CPU.ActiveCfg = Debug|Any CPU
		{FAD13708-05F7-4D00-AE65-F98BCB0F5AD4}.Debug|Any CPU.Build.0 = Debug|Any CPU
		{FAD13708-05F7-4D00-AE65-F98BCB0F5AD4}.Debug|x64.ActiveCfg = Debug|Any CPU
		{FAD13708-05F7-4D00-AE65-F98BCB0F5AD4}.Debug|x64.Build.0 = Debug|Any CPU
		{FAD13708-05F7-4D00-AE65-F98BCB0F5AD4}.Debug|x86.ActiveCfg = Debug|Any CPU
		{FAD13708-05F7-4D00-AE65-F98BCB0F5AD4}.Debug|x86.Build.0 = Debug|Any CPU
		{FAD13708-05F7-4D00-AE65-F98BCB0F5AD4}.Release|Any CPU.ActiveCfg = Release|Any CPU
		{FAD13708-05F7-4D00-AE65-F98BCB0F5AD4}.Release|Any CPU.Build.0 = Release|Any CPU
		{FAD13708-05F7-4D00-AE65-F98BCB0F5AD4}.Release|x64.ActiveCfg = Release|Any CPU
		{FAD13708-05F7-4D00-AE65-F98BCB0F5AD4}.Release|x64.Build.0 = Release|Any CPU
		{FAD13708-05F7-4D00-AE65-F98BCB0F5AD4}.Release|x86.ActiveCfg = Release|Any CPU
		{FAD13708-05F7-4D00-AE65-F98BCB0F5AD4}.Release|x86.Build.0 = Release|Any CPU
		{C4A7DC86-B2AC-4F8F-AF11-F554F6EFDCFA}.Debug|Any CPU.ActiveCfg = Debug|Any CPU
		{C4A7DC86-B2AC-4F8F-AF11-F554F6EFDCFA}.Debug|Any CPU.Build.0 = Debug|Any CPU
		{C4A7DC86-B2AC-4F8F-AF11-F554F6EFDCFA}.Debug|x64.ActiveCfg = Debug|Any CPU
		{C4A7DC86-B2AC-4F8F-AF11-F554F6EFDCFA}.Debug|x64.Build.0 = Debug|Any CPU
		{C4A7DC86-B2AC-4F8F-AF11-F554F6EFDCFA}.Debug|x86.ActiveCfg = Debug|Any CPU
		{C4A7DC86-B2AC-4F8F-AF11-F554F6EFDCFA}.Debug|x86.Build.0 = Debug|Any CPU
		{C4A7DC86-B2AC-4F8F-AF11-F554F6EFDCFA}.Release|Any CPU.ActiveCfg = Release|Any CPU
		{C4A7DC86-B2AC-4F8F-AF11-F554F6EFDCFA}.Release|Any CPU.Build.0 = Release|Any CPU
		{C4A7DC86-B2AC-4F8F-AF11-F554F6EFDCFA}.Release|x64.ActiveCfg = Release|Any CPU
		{C4A7DC86-B2AC-4F8F-AF11-F554F6EFDCFA}.Release|x64.Build.0 = Release|Any CPU
		{C4A7DC86-B2AC-4F8F-AF11-F554F6EFDCFA}.Release|x86.ActiveCfg = Release|Any CPU
		{C4A7DC86-B2AC-4F8F-AF11-F554F6EFDCFA}.Release|x86.Build.0 = Release|Any CPU
		{D8B8CBEE-B45E-482C-A6C7-C5C710BBEAE2}.Debug|Any CPU.ActiveCfg = Debug|Any CPU
		{D8B8CBEE-B45E-482C-A6C7-C5C710BBEAE2}.Debug|Any CPU.Build.0 = Debug|Any CPU
		{D8B8CBEE-B45E-482C-A6C7-C5C710BBEAE2}.Debug|x64.ActiveCfg = Debug|Any CPU
		{D8B8CBEE-B45E-482C-A6C7-C5C710BBEAE2}.Debug|x64.Build.0 = Debug|Any CPU
		{D8B8CBEE-B45E-482C-A6C7-C5C710BBEAE2}.Debug|x86.ActiveCfg = Debug|Any CPU
		{D8B8CBEE-B45E-482C-A6C7-C5C710BBEAE2}.Debug|x86.Build.0 = Debug|Any CPU
		{D8B8CBEE-B45E-482C-A6C7-C5C710BBEAE2}.Release|Any CPU.ActiveCfg = Release|Any CPU
		{D8B8CBEE-B45E-482C-A6C7-C5C710BBEAE2}.Release|Any CPU.Build.0 = Release|Any CPU
		{D8B8CBEE-B45E-482C-A6C7-C5C710BBEAE2}.Release|x64.ActiveCfg = Release|Any CPU
		{D8B8CBEE-B45E-482C-A6C7-C5C710BBEAE2}.Release|x64.Build.0 = Release|Any CPU
		{D8B8CBEE-B45E-482C-A6C7-C5C710BBEAE2}.Release|x86.ActiveCfg = Release|Any CPU
		{D8B8CBEE-B45E-482C-A6C7-C5C710BBEAE2}.Release|x86.Build.0 = Release|Any CPU
		{06F18233-C787-457B-8BBF-DC3347DF5989}.Debug|Any CPU.ActiveCfg = Debug|Any CPU
		{06F18233-C787-457B-8BBF-DC3347DF5989}.Debug|Any CPU.Build.0 = Debug|Any CPU
		{06F18233-C787-457B-8BBF-DC3347DF5989}.Debug|x64.ActiveCfg = Debug|Any CPU
		{06F18233-C787-457B-8BBF-DC3347DF5989}.Debug|x64.Build.0 = Debug|Any CPU
		{06F18233-C787-457B-8BBF-DC3347DF5989}.Debug|x86.ActiveCfg = Debug|Any CPU
		{06F18233-C787-457B-8BBF-DC3347DF5989}.Debug|x86.Build.0 = Debug|Any CPU
		{06F18233-C787-457B-8BBF-DC3347DF5989}.Release|Any CPU.ActiveCfg = Release|Any CPU
		{06F18233-C787-457B-8BBF-DC3347DF5989}.Release|Any CPU.Build.0 = Release|Any CPU
		{06F18233-C787-457B-8BBF-DC3347DF5989}.Release|x64.ActiveCfg = Release|Any CPU
		{06F18233-C787-457B-8BBF-DC3347DF5989}.Release|x64.Build.0 = Release|Any CPU
		{06F18233-C787-457B-8BBF-DC3347DF5989}.Release|x86.ActiveCfg = Release|Any CPU
		{06F18233-C787-457B-8BBF-DC3347DF5989}.Release|x86.Build.0 = Release|Any CPU
		{3FB60B8E-3D97-4BCE-AF8C-5AD44323067C}.Debug|Any CPU.ActiveCfg = Debug|Any CPU
		{3FB60B8E-3D97-4BCE-AF8C-5AD44323067C}.Debug|Any CPU.Build.0 = Debug|Any CPU
		{3FB60B8E-3D97-4BCE-AF8C-5AD44323067C}.Debug|x64.ActiveCfg = Debug|Any CPU
		{3FB60B8E-3D97-4BCE-AF8C-5AD44323067C}.Debug|x64.Build.0 = Debug|Any CPU
		{3FB60B8E-3D97-4BCE-AF8C-5AD44323067C}.Debug|x86.ActiveCfg = Debug|Any CPU
		{3FB60B8E-3D97-4BCE-AF8C-5AD44323067C}.Debug|x86.Build.0 = Debug|Any CPU
		{3FB60B8E-3D97-4BCE-AF8C-5AD44323067C}.Release|Any CPU.ActiveCfg = Release|Any CPU
		{3FB60B8E-3D97-4BCE-AF8C-5AD44323067C}.Release|Any CPU.Build.0 = Release|Any CPU
		{3FB60B8E-3D97-4BCE-AF8C-5AD44323067C}.Release|x64.ActiveCfg = Release|Any CPU
		{3FB60B8E-3D97-4BCE-AF8C-5AD44323067C}.Release|x64.Build.0 = Release|Any CPU
		{3FB60B8E-3D97-4BCE-AF8C-5AD44323067C}.Release|x86.ActiveCfg = Release|Any CPU
		{3FB60B8E-3D97-4BCE-AF8C-5AD44323067C}.Release|x86.Build.0 = Release|Any CPU
		{F758CEE2-3E9B-4848-A299-AA9A5373604E}.Debug|Any CPU.ActiveCfg = Debug|Any CPU
		{F758CEE2-3E9B-4848-A299-AA9A5373604E}.Debug|Any CPU.Build.0 = Debug|Any CPU
		{F758CEE2-3E9B-4848-A299-AA9A5373604E}.Debug|x64.ActiveCfg = Debug|Any CPU
		{F758CEE2-3E9B-4848-A299-AA9A5373604E}.Debug|x64.Build.0 = Debug|Any CPU
		{F758CEE2-3E9B-4848-A299-AA9A5373604E}.Debug|x86.ActiveCfg = Debug|Any CPU
		{F758CEE2-3E9B-4848-A299-AA9A5373604E}.Debug|x86.Build.0 = Debug|Any CPU
		{F758CEE2-3E9B-4848-A299-AA9A5373604E}.Release|Any CPU.ActiveCfg = Release|Any CPU
		{F758CEE2-3E9B-4848-A299-AA9A5373604E}.Release|Any CPU.Build.0 = Release|Any CPU
		{F758CEE2-3E9B-4848-A299-AA9A5373604E}.Release|x64.ActiveCfg = Release|Any CPU
		{F758CEE2-3E9B-4848-A299-AA9A5373604E}.Release|x64.Build.0 = Release|Any CPU
		{F758CEE2-3E9B-4848-A299-AA9A5373604E}.Release|x86.ActiveCfg = Release|Any CPU
		{F758CEE2-3E9B-4848-A299-AA9A5373604E}.Release|x86.Build.0 = Release|Any CPU
	EndGlobalSection
	GlobalSection(SolutionProperties) = preSolution
		HideSolutionNode = FALSE
	EndGlobalSection
	GlobalSection(NestedProjects) = preSolution
		{99347CC5-7313-4BA5-AB4B-1FAD7AE7DFA0} = {827E0CD3-B72D-47B6-A68D-7590B98EB39B}
		{FAD13708-05F7-4D00-AE65-F98BCB0F5AD4} = {827E0CD3-B72D-47B6-A68D-7590B98EB39B}
		{C4A7DC86-B2AC-4F8F-AF11-F554F6EFDCFA} = {827E0CD3-B72D-47B6-A68D-7590B98EB39B}
		{D8B8CBEE-B45E-482C-A6C7-C5C710BBEAE2} = {827E0CD3-B72D-47B6-A68D-7590B98EB39B}
		{06F18233-C787-457B-8BBF-DC3347DF5989} = {0AB3BF05-4346-4AA6-1389-037BE0695223}
		{3FB60B8E-3D97-4BCE-AF8C-5AD44323067C} = {827E0CD3-B72D-47B6-A68D-7590B98EB39B}
		{F758CEE2-3E9B-4848-A299-AA9A5373604E} = {827E0CD3-B72D-47B6-A68D-7590B98EB39B}
	EndGlobalSection
	GlobalSection(ExtensibilityGlobals) = postSolution
		SolutionGuid = {33A925C0-27E9-4561-B899-C53387E3AA7A}
	EndGlobalSection
EndGlobal
